// !$*UTF8*$!
{
	archiveVersion = 1;
	classes = {
	};
	objectVersion = 46;
	objects = {

/* Begin PBXBuildFile section */
		1A0A853D1765B66C00D45971 /* UIView+AlphaControl.m in Sources */ = {isa = PBXBuildFile; fileRef = 1A0A853C1765B66C00D45971 /* UIView+AlphaControl.m */; };
		1A46523D1770A08A00049B4D /* ResultManagementCell.m in Sources */ = {isa = PBXBuildFile; fileRef = 1A46523C1770A08A00049B4D /* ResultManagementCell.m */; };
		1A46523F1772E89100049B4D /* Icons.xcassets in Resources */ = {isa = PBXBuildFile; fileRef = 1A46523E1772E89100049B4D /* Icons.xcassets */; };
		1A6D1173174A1C5400E0B000 /* ToolbarLabelYummlyTheme.m in Sources */ = {isa = PBXBuildFile; fileRef = 1A6D1172174A1C5300E0B000 /* ToolbarLabelYummlyTheme.m */; };
		1A6D1178174A2C3900E0B000 /* RecipeSearchParametersViewController.m in Sources */ = {isa = PBXBuildFile; fileRef = 1A6D1177174A2C3800E0B000 /* RecipeSearchParametersViewController.m */; };
		1A6D117D174B4A4200E0B000 /* RotaryWheel.m in Sources */ = {isa = PBXBuildFile; fileRef = 1A6D117A174B4A4200E0B000 /* RotaryWheel.m */; };
		1A6D117E174B4A4200E0B000 /* Sector.m in Sources */ = {isa = PBXBuildFile; fileRef = 1A6D117C174B4A4200E0B000 /* Sector.m */; };
		1A6D1181174B552B00E0B000 /* SegmentView.m in Sources */ = {isa = PBXBuildFile; fileRef = 1A6D1180174B552B00E0B000 /* SegmentView.m */; };
		1A6D1185174B55E900E0B000 /* UtilityMethodsCG.m in Sources */ = {isa = PBXBuildFile; fileRef = 1A6D1184174B55E900E0B000 /* UtilityMethodsCG.m */; };
		1A6D1189174B6ACE00E0B000 /* ParameterPageViewController.m in Sources */ = {isa = PBXBuildFile; fileRef = 1A6D1188174B6ACE00E0B000 /* ParameterPageViewController.m */; };
		1A70C0B317535F55004FEEF6 /* YummlyMetadata.m in Sources */ = {isa = PBXBuildFile; fileRef = 1A70C0B217535F55004FEEF6 /* YummlyMetadata.m */; };
		1A70C0B91754FAAE004FEEF6 /* RecipeDetailsViewController.m in Sources */ = {isa = PBXBuildFile; fileRef = 1A70C0B81754FAAE004FEEF6 /* RecipeDetailsViewController.m */; };
		1A70C0BC175500FF004FEEF6 /* RecipeDetailsView.m in Sources */ = {isa = PBXBuildFile; fileRef = 1A70C0BB175500FF004FEEF6 /* RecipeDetailsView.m */; };
		1A7C1A4D17578CD80075AF2D /* UIImageView+Animation.m in Sources */ = {isa = PBXBuildFile; fileRef = 1A7C1A4C17578CD80075AF2D /* UIImageView+Animation.m */; };
		1A7C1A50175792210075AF2D /* UICentreViewController.m in Sources */ = {isa = PBXBuildFile; fileRef = 1A7C1A4F175792210075AF2D /* UICentreViewController.m */; };
		1A7C1A531757ADA50075AF2D /* Recipe.m in Sources */ = {isa = PBXBuildFile; fileRef = 1A7C1A521757ADA50075AF2D /* Recipe.m */; };
		1A84A59E1765BE1200E1F818 /* NetworkActivityIndicator.m in Sources */ = {isa = PBXBuildFile; fileRef = 1A84A59D1765BE1200E1F818 /* NetworkActivityIndicator.m */; };
		1A84A5A11765C2E300E1F818 /* YummlyToolbar.m in Sources */ = {isa = PBXBuildFile; fileRef = 1A84A5A01765C2E300E1F818 /* YummlyToolbar.m */; };
		1A84A5B01765F8CE00E1F818 /* UIRightViewController.m in Sources */ = {isa = PBXBuildFile; fileRef = 1A84A5AF1765F8CE00E1F818 /* UIRightViewController.m */; };
		1A84A5B31766299800E1F818 /* UILeftViewController.m in Sources */ = {isa = PBXBuildFile; fileRef = 1A84A5B21766299800E1F818 /* UILeftViewController.m */; };
		1A84A5B6176630D900E1F818 /* IngredientHeaderView.m in Sources */ = {isa = PBXBuildFile; fileRef = 1A84A5B5176630D900E1F818 /* IngredientHeaderView.m */; };
		1A8EC532174CC77600553857 /* ExtraOptionsViewController.m in Sources */ = {isa = PBXBuildFile; fileRef = 1A8EC531174CC77600553857 /* ExtraOptionsViewController.m */; };
		1A8EC544174F4CCA00553857 /* RecipeCollectionViewCell.m in Sources */ = {isa = PBXBuildFile; fileRef = 1A8EC543174F4CCA00553857 /* RecipeCollectionViewCell.m */; };
		1A8EC547174F756A00553857 /* TextBackingView.m in Sources */ = {isa = PBXBuildFile; fileRef = 1A8EC546174F756A00553857 /* TextBackingView.m */; };
		1A9C84A61742348A006B8664 /* RecipesViewController.m in Sources */ = {isa = PBXBuildFile; fileRef = 1A9C84A51742348A006B8664 /* RecipesViewController.m */; };
		1A9C84AE174236C9006B8664 /* SlideOutNavigationController.m in Sources */ = {isa = PBXBuildFile; fileRef = 1A9C84AC174236C9006B8664 /* SlideOutNavigationController.m */; };
		1A9C84B417423DFD006B8664 /* MainViewController.m in Sources */ = {isa = PBXBuildFile; fileRef = 1A9C84B317423DFD006B8664 /* MainViewController.m */; };
		1A9FCF8D1758CE7E00D74485 /* StarRatingView.m in Sources */ = {isa = PBXBuildFile; fileRef = 1A9FCF8C1758CE7E00D74485 /* StarRatingView.m */; };
		1AA236B6177372AB00827C84 /* YummlyAttributionViewController.m in Sources */ = {isa = PBXBuildFile; fileRef = 1A84A5AC1765F7CA00E1F818 /* YummlyAttributionViewController.m */; };
		1AD55FE9171AF33200AE5FED /* UIKit.framework in Frameworks */ = {isa = PBXBuildFile; fileRef = 1AD55FE8171AF33200AE5FED /* UIKit.framework */; };
		1AD55FEB171AF33200AE5FED /* Foundation.framework in Frameworks */ = {isa = PBXBuildFile; fileRef = 1AD55FEA171AF33200AE5FED /* Foundation.framework */; };
		1AD55FED171AF33200AE5FED /* CoreGraphics.framework in Frameworks */ = {isa = PBXBuildFile; fileRef = 1AD55FEC171AF33200AE5FED /* CoreGraphics.framework */; };
		1AD55FF3171AF33200AE5FED /* InfoPlist.strings in Resources */ = {isa = PBXBuildFile; fileRef = 1AD55FF1171AF33200AE5FED /* InfoPlist.strings */; };
		1AD55FF5171AF33200AE5FED /* main.m in Sources */ = {isa = PBXBuildFile; fileRef = 1AD55FF4171AF33200AE5FED /* main.m */; };
		1AD55FF9171AF33200AE5FED /* AppDelegate.m in Sources */ = {isa = PBXBuildFile; fileRef = 1AD55FF8171AF33200AE5FED /* AppDelegate.m */; };
		1AD55FFB171AF33200AE5FED /* Default.png in Resources */ = {isa = PBXBuildFile; fileRef = 1AD55FFA171AF33200AE5FED /* Default.png */; };
		1AD55FFD171AF33200AE5FED /* Default@2x.png in Resources */ = {isa = PBXBuildFile; fileRef = 1AD55FFC171AF33200AE5FED /* Default@2x.png */; };
		1AD55FFF171AF33200AE5FED /* Default-568h@2x.png in Resources */ = {isa = PBXBuildFile; fileRef = 1AD55FFE171AF33200AE5FED /* Default-568h@2x.png */; };
		1AE8DB7D176B2281008C5D36 /* YummlyThemeImages.xcassets in Resources */ = {isa = PBXBuildFile; fileRef = 1AE8DB7C176B2281008C5D36 /* YummlyThemeImages.xcassets */; };
		1AEE005717424E2E00B6FC43 /* CupboardViewController.m in Sources */ = {isa = PBXBuildFile; fileRef = 1AEE005617424E2E00B6FC43 /* CupboardViewController.m */; };
		1AEE005D17425BC100B6FC43 /* YummlyAPI.m in Sources */ = {isa = PBXBuildFile; fileRef = 1AEE005C17425BC100B6FC43 /* YummlyAPI.m */; };
		1AEE006117427E2F00B6FC43 /* YummlyRequest.m in Sources */ = {isa = PBXBuildFile; fileRef = 1AEE006017427E2F00B6FC43 /* YummlyRequest.m */; };
		1AEE006F1745314F00B6FC43 /* RecipeSearchViewController.m in Sources */ = {isa = PBXBuildFile; fileRef = 1AEE006E1745314F00B6FC43 /* RecipeSearchViewController.m */; };
		1AEE007517453D8700B6FC43 /* DefaultTheme.m in Sources */ = {isa = PBXBuildFile; fileRef = 1AEE007217453D8700B6FC43 /* DefaultTheme.m */; };
		1AEE007617453D8700B6FC43 /* ThemeManager.m in Sources */ = {isa = PBXBuildFile; fileRef = 1AEE007417453D8700B6FC43 /* ThemeManager.m */; };
		1AEE007917453F3A00B6FC43 /* YummlyTheme.m in Sources */ = {isa = PBXBuildFile; fileRef = 1AEE007817453F3A00B6FC43 /* YummlyTheme.m */; };
		1AEE00DD1745424E00B6FC43 /* QuartzCore.framework in Frameworks */ = {isa = PBXBuildFile; fileRef = 1AEE00DC1745424D00B6FC43 /* QuartzCore.framework */; };
		1AEE00E017460EA500B6FC43 /* RecipeSearchView.m in Sources */ = {isa = PBXBuildFile; fileRef = 1AEE00DF17460EA500B6FC43 /* RecipeSearchView.m */; };
/* End PBXBuildFile section */

/* Begin PBXFileReference section */
		1A0A853B1765B66C00D45971 /* UIView+AlphaControl.h */ = {isa = PBXFileReference; fileEncoding = 4; lastKnownFileType = sourcecode.c.h; name = "UIView+AlphaControl.h"; path = "Categories/UIView+AlphaControl.h"; sourceTree = "<group>"; };
		1A0A853C1765B66C00D45971 /* UIView+AlphaControl.m */ = {isa = PBXFileReference; fileEncoding = 4; lastKnownFileType = sourcecode.c.objc; name = "UIView+AlphaControl.m"; path = "Categories/UIView+AlphaControl.m"; sourceTree = "<group>"; };
		1A46523B1770A08A00049B4D /* ResultManagementCell.h */ = {isa = PBXFileReference; fileEncoding = 4; lastKnownFileType = sourcecode.c.h; name = ResultManagementCell.h; path = View/ResultManagementCell.h; sourceTree = "<group>"; };
		1A46523C1770A08A00049B4D /* ResultManagementCell.m */ = {isa = PBXFileReference; fileEncoding = 4; lastKnownFileType = sourcecode.c.objc; name = ResultManagementCell.m; path = View/ResultManagementCell.m; sourceTree = "<group>"; };
		1A46523E1772E89100049B4D /* Icons.xcassets */ = {isa = PBXFileReference; lastKnownFileType = folder.assetcatalog; path = Icons.xcassets; sourceTree = "<group>"; };
		1A465241177325B200049B4D /* YummlyKeys.h */ = {isa = PBXFileReference; fileEncoding = 4; lastKnownFileType = sourcecode.c.h; name = YummlyKeys.h; path = Utilities/YummlyKeys.h; sourceTree = "<group>"; };
		1A6D1171174A1C5300E0B000 /* ToolbarLabelYummlyTheme.h */ = {isa = PBXFileReference; fileEncoding = 4; lastKnownFileType = sourcecode.c.h; path = ToolbarLabelYummlyTheme.h; sourceTree = "<group>"; };
		1A6D1172174A1C5300E0B000 /* ToolbarLabelYummlyTheme.m */ = {isa = PBXFileReference; fileEncoding = 4; lastKnownFileType = sourcecode.c.objc; path = ToolbarLabelYummlyTheme.m; sourceTree = "<group>"; };
		1A6D1176174A2C3800E0B000 /* RecipeSearchParametersViewController.h */ = {isa = PBXFileReference; fileEncoding = 4; lastKnownFileType = sourcecode.c.h; name = RecipeSearchParametersViewController.h; path = Controller/RecipeSearchParametersViewController.h; sourceTree = "<group>"; };
		1A6D1177174A2C3800E0B000 /* RecipeSearchParametersViewController.m */ = {isa = PBXFileReference; fileEncoding = 4; lastKnownFileType = sourcecode.c.objc; name = RecipeSearchParametersViewController.m; path = Controller/RecipeSearchParametersViewController.m; sourceTree = "<group>"; };
		1A6D1179174B4A4200E0B000 /* RotaryWheel.h */ = {isa = PBXFileReference; fileEncoding = 4; lastKnownFileType = sourcecode.c.h; name = RotaryWheel.h; path = View/RotaryWheel.h; sourceTree = "<group>"; };
		1A6D117A174B4A4200E0B000 /* RotaryWheel.m */ = {isa = PBXFileReference; fileEncoding = 4; lastKnownFileType = sourcecode.c.objc; name = RotaryWheel.m; path = View/RotaryWheel.m; sourceTree = "<group>"; };
		1A6D117B174B4A4200E0B000 /* Sector.h */ = {isa = PBXFileReference; fileEncoding = 4; lastKnownFileType = sourcecode.c.h; name = Sector.h; path = View/Sector.h; sourceTree = "<group>"; };
		1A6D117C174B4A4200E0B000 /* Sector.m */ = {isa = PBXFileReference; fileEncoding = 4; lastKnownFileType = sourcecode.c.objc; name = Sector.m; path = View/Sector.m; sourceTree = "<group>"; };
		1A6D117F174B552B00E0B000 /* SegmentView.h */ = {isa = PBXFileReference; fileEncoding = 4; lastKnownFileType = sourcecode.c.h; name = SegmentView.h; path = View/SegmentView.h; sourceTree = "<group>"; };
		1A6D1180174B552B00E0B000 /* SegmentView.m */ = {isa = PBXFileReference; fileEncoding = 4; lastKnownFileType = sourcecode.c.objc; name = SegmentView.m; path = View/SegmentView.m; sourceTree = "<group>"; };
		1A6D1183174B55E900E0B000 /* UtilityMethodsCG.h */ = {isa = PBXFileReference; fileEncoding = 4; lastKnownFileType = sourcecode.c.h; path = UtilityMethodsCG.h; sourceTree = "<group>"; };
		1A6D1184174B55E900E0B000 /* UtilityMethodsCG.m */ = {isa = PBXFileReference; fileEncoding = 4; lastKnownFileType = sourcecode.c.objc; path = UtilityMethodsCG.m; sourceTree = "<group>"; };
		1A6D1186174B55F400E0B000 /* Defines.h */ = {isa = PBXFileReference; fileEncoding = 4; lastKnownFileType = sourcecode.c.h; name = Defines.h; path = Utilities/Defines.h; sourceTree = "<group>"; };
		1A6D1187174B6ACE00E0B000 /* ParameterPageViewController.h */ = {isa = PBXFileReference; fileEncoding = 4; lastKnownFileType = sourcecode.c.h; name = ParameterPageViewController.h; path = Controller/ParameterPageViewController.h; sourceTree = "<group>"; };
		1A6D1188174B6ACE00E0B000 /* ParameterPageViewController.m */ = {isa = PBXFileReference; fileEncoding = 4; lastKnownFileType = sourcecode.c.objc; name = ParameterPageViewController.m; path = Controller/ParameterPageViewController.m; sourceTree = "<group>"; };
		1A70C0B117535F55004FEEF6 /* YummlyMetadata.h */ = {isa = PBXFileReference; fileEncoding = 4; lastKnownFileType = sourcecode.c.h; name = YummlyMetadata.h; path = Model/YummlyMetadata.h; sourceTree = "<group>"; };
		1A70C0B217535F55004FEEF6 /* YummlyMetadata.m */ = {isa = PBXFileReference; fileEncoding = 4; lastKnownFileType = sourcecode.c.objc; name = YummlyMetadata.m; path = Model/YummlyMetadata.m; sourceTree = "<group>"; };
		1A70C0B71754FAAE004FEEF6 /* RecipeDetailsViewController.h */ = {isa = PBXFileReference; fileEncoding = 4; lastKnownFileType = sourcecode.c.h; name = RecipeDetailsViewController.h; path = Controller/RecipeDetailsViewController.h; sourceTree = "<group>"; };
		1A70C0B81754FAAE004FEEF6 /* RecipeDetailsViewController.m */ = {isa = PBXFileReference; fileEncoding = 4; lastKnownFileType = sourcecode.c.objc; name = RecipeDetailsViewController.m; path = Controller/RecipeDetailsViewController.m; sourceTree = "<group>"; };
		1A70C0BA175500FF004FEEF6 /* RecipeDetailsView.h */ = {isa = PBXFileReference; fileEncoding = 4; lastKnownFileType = sourcecode.c.h; name = RecipeDetailsView.h; path = View/RecipeDetailsView.h; sourceTree = "<group>"; };
		1A70C0BB175500FF004FEEF6 /* RecipeDetailsView.m */ = {isa = PBXFileReference; fileEncoding = 4; lastKnownFileType = sourcecode.c.objc; name = RecipeDetailsView.m; path = View/RecipeDetailsView.m; sourceTree = "<group>"; };
		1A70C0C01755DF45004FEEF6 /* LeftControllerDelegate.h */ = {isa = PBXFileReference; fileEncoding = 4; lastKnownFileType = sourcecode.c.h; name = LeftControllerDelegate.h; path = Controller/LeftControllerDelegate.h; sourceTree = "<group>"; };
		1A7C1A4B17578CD80075AF2D /* UIImageView+Animation.h */ = {isa = PBXFileReference; fileEncoding = 4; lastKnownFileType = sourcecode.c.h; name = "UIImageView+Animation.h"; path = "Categories/UIImageView+Animation.h"; sourceTree = "<group>"; };
		1A7C1A4C17578CD80075AF2D /* UIImageView+Animation.m */ = {isa = PBXFileReference; fileEncoding = 4; lastKnownFileType = sourcecode.c.objc; name = "UIImageView+Animation.m"; path = "Categories/UIImageView+Animation.m"; sourceTree = "<group>"; };
		1A7C1A4E175792210075AF2D /* UICentreViewController.h */ = {isa = PBXFileReference; fileEncoding = 4; lastKnownFileType = sourcecode.c.h; name = UICentreViewController.h; path = Controller/UICentreViewController.h; sourceTree = "<group>"; };
		1A7C1A4F175792210075AF2D /* UICentreViewController.m */ = {isa = PBXFileReference; fileEncoding = 4; lastKnownFileType = sourcecode.c.objc; name = UICentreViewController.m; path = Controller/UICentreViewController.m; sourceTree = "<group>"; };
		1A7C1A511757ADA50075AF2D /* Recipe.h */ = {isa = PBXFileReference; fileEncoding = 4; lastKnownFileType = sourcecode.c.h; name = Recipe.h; path = Model/Recipe.h; sourceTree = "<group>"; };
		1A7C1A521757ADA50075AF2D /* Recipe.m */ = {isa = PBXFileReference; fileEncoding = 4; lastKnownFileType = sourcecode.c.objc; name = Recipe.m; path = Model/Recipe.m; sourceTree = "<group>"; };
		1A84A59C1765BE1200E1F818 /* NetworkActivityIndicator.h */ = {isa = PBXFileReference; fileEncoding = 4; lastKnownFileType = sourcecode.c.h; path = NetworkActivityIndicator.h; sourceTree = "<group>"; };
		1A84A59D1765BE1200E1F818 /* NetworkActivityIndicator.m */ = {isa = PBXFileReference; fileEncoding = 4; lastKnownFileType = sourcecode.c.objc; path = NetworkActivityIndicator.m; sourceTree = "<group>"; };
		1A84A59F1765C2E300E1F818 /* YummlyToolbar.h */ = {isa = PBXFileReference; fileEncoding = 4; lastKnownFileType = sourcecode.c.h; name = YummlyToolbar.h; path = View/YummlyToolbar.h; sourceTree = "<group>"; };
		1A84A5A01765C2E300E1F818 /* YummlyToolbar.m */ = {isa = PBXFileReference; fileEncoding = 4; lastKnownFileType = sourcecode.c.objc; name = YummlyToolbar.m; path = View/YummlyToolbar.m; sourceTree = "<group>"; };
		1A84A5AB1765F7CA00E1F818 /* YummlyAttributionViewController.h */ = {isa = PBXFileReference; fileEncoding = 4; lastKnownFileType = sourcecode.c.h; name = YummlyAttributionViewController.h; path = Controller/YummlyAttributionViewController.h; sourceTree = "<group>"; };
		1A84A5AC1765F7CA00E1F818 /* YummlyAttributionViewController.m */ = {isa = PBXFileReference; fileEncoding = 4; lastKnownFileType = sourcecode.c.objc; name = YummlyAttributionViewController.m; path = Controller/YummlyAttributionViewController.m; sourceTree = "<group>"; };
		1A84A5AE1765F8CE00E1F818 /* UIRightViewController.h */ = {isa = PBXFileReference; fileEncoding = 4; lastKnownFileType = sourcecode.c.h; name = UIRightViewController.h; path = Controller/UIRightViewController.h; sourceTree = "<group>"; };
		1A84A5AF1765F8CE00E1F818 /* UIRightViewController.m */ = {isa = PBXFileReference; fileEncoding = 4; lastKnownFileType = sourcecode.c.objc; name = UIRightViewController.m; path = Controller/UIRightViewController.m; sourceTree = "<group>"; };
		1A84A5B11766299800E1F818 /* UILeftViewController.h */ = {isa = PBXFileReference; fileEncoding = 4; lastKnownFileType = sourcecode.c.h; name = UILeftViewController.h; path = Controller/UILeftViewController.h; sourceTree = "<group>"; };
		1A84A5B21766299800E1F818 /* UILeftViewController.m */ = {isa = PBXFileReference; fileEncoding = 4; lastKnownFileType = sourcecode.c.objc; name = UILeftViewController.m; path = Controller/UILeftViewController.m; sourceTree = "<group>"; };
		1A84A5B4176630D900E1F818 /* IngredientHeaderView.h */ = {isa = PBXFileReference; fileEncoding = 4; lastKnownFileType = sourcecode.c.h; name = IngredientHeaderView.h; path = View/IngredientHeaderView.h; sourceTree = "<group>"; };
		1A84A5B5176630D900E1F818 /* IngredientHeaderView.m */ = {isa = PBXFileReference; fileEncoding = 4; lastKnownFileType = sourcecode.c.objc; name = IngredientHeaderView.m; path = View/IngredientHeaderView.m; sourceTree = "<group>"; };
		1A8EC530174CC77600553857 /* ExtraOptionsViewController.h */ = {isa = PBXFileReference; fileEncoding = 4; lastKnownFileType = sourcecode.c.h; name = ExtraOptionsViewController.h; path = Controller/ExtraOptionsViewController.h; sourceTree = "<group>"; };
		1A8EC531174CC77600553857 /* ExtraOptionsViewController.m */ = {isa = PBXFileReference; fileEncoding = 4; lastKnownFileType = sourcecode.c.objc; name = ExtraOptionsViewController.m; path = Controller/ExtraOptionsViewController.m; sourceTree = "<group>"; };
		1A8EC542174F4CCA00553857 /* RecipeCollectionViewCell.h */ = {isa = PBXFileReference; fileEncoding = 4; lastKnownFileType = sourcecode.c.h; name = RecipeCollectionViewCell.h; path = View/RecipeCollectionViewCell.h; sourceTree = "<group>"; };
		1A8EC543174F4CCA00553857 /* RecipeCollectionViewCell.m */ = {isa = PBXFileReference; fileEncoding = 4; lastKnownFileType = sourcecode.c.objc; name = RecipeCollectionViewCell.m; path = View/RecipeCollectionViewCell.m; sourceTree = "<group>"; };
		1A8EC545174F756A00553857 /* TextBackingView.h */ = {isa = PBXFileReference; fileEncoding = 4; lastKnownFileType = sourcecode.c.h; name = TextBackingView.h; path = View/TextBackingView.h; sourceTree = "<group>"; };
		1A8EC546174F756A00553857 /* TextBackingView.m */ = {isa = PBXFileReference; fileEncoding = 4; lastKnownFileType = sourcecode.c.objc; name = TextBackingView.m; path = View/TextBackingView.m; sourceTree = "<group>"; };
		1A9C84A41742348A006B8664 /* RecipesViewController.h */ = {isa = PBXFileReference; fileEncoding = 4; lastKnownFileType = sourcecode.c.h; name = RecipesViewController.h; path = Controller/RecipesViewController.h; sourceTree = "<group>"; };
		1A9C84A51742348A006B8664 /* RecipesViewController.m */ = {isa = PBXFileReference; fileEncoding = 4; lastKnownFileType = sourcecode.c.objc; name = RecipesViewController.m; path = Controller/RecipesViewController.m; sourceTree = "<group>"; };
		1A9C84A8174236C9006B8664 /* CentreViewControllerProtocol.h */ = {isa = PBXFileReference; fileEncoding = 4; lastKnownFileType = sourcecode.c.h; name = CentreViewControllerProtocol.h; path = Controller/CentreViewControllerProtocol.h; sourceTree = "<group>"; };
		1A9C84AB174236C9006B8664 /* SlideOutNavigationController.h */ = {isa = PBXFileReference; fileEncoding = 4; lastKnownFileType = sourcecode.c.h; name = SlideOutNavigationController.h; path = Controller/SlideOutNavigationController.h; sourceTree = "<group>"; };
		1A9C84AC174236C9006B8664 /* SlideOutNavigationController.m */ = {isa = PBXFileReference; fileEncoding = 4; lastKnownFileType = sourcecode.c.objc; name = SlideOutNavigationController.m; path = Controller/SlideOutNavigationController.m; sourceTree = "<group>"; };
		1A9C84B217423DF4006B8664 /* MainViewController.h */ = {isa = PBXFileReference; fileEncoding = 4; lastKnownFileType = sourcecode.c.h; name = MainViewController.h; path = Controller/MainViewController.h; sourceTree = "<group>"; };
		1A9C84B317423DFD006B8664 /* MainViewController.m */ = {isa = PBXFileReference; fileEncoding = 4; lastKnownFileType = sourcecode.c.objc; name = MainViewController.m; path = Controller/MainViewController.m; sourceTree = "<group>"; };
		1A9FCF8B1758CE7E00D74485 /* StarRatingView.h */ = {isa = PBXFileReference; fileEncoding = 4; lastKnownFileType = sourcecode.c.h; name = StarRatingView.h; path = View/StarRatingView.h; sourceTree = "<group>"; };
		1A9FCF8C1758CE7E00D74485 /* StarRatingView.m */ = {isa = PBXFileReference; fileEncoding = 4; lastKnownFileType = sourcecode.c.objc; name = StarRatingView.m; path = View/StarRatingView.m; sourceTree = "<group>"; };
		1AD55FE5171AF33200AE5FED /* MakeAMealOfIt.app */ = {isa = PBXFileReference; explicitFileType = wrapper.application; includeInIndex = 0; path = MakeAMealOfIt.app; sourceTree = BUILT_PRODUCTS_DIR; };
		1AD55FE8171AF33200AE5FED /* UIKit.framework */ = {isa = PBXFileReference; lastKnownFileType = wrapper.framework; name = UIKit.framework; path = System/Library/Frameworks/UIKit.framework; sourceTree = SDKROOT; };
		1AD55FEA171AF33200AE5FED /* Foundation.framework */ = {isa = PBXFileReference; lastKnownFileType = wrapper.framework; name = Foundation.framework; path = System/Library/Frameworks/Foundation.framework; sourceTree = SDKROOT; };
		1AD55FEC171AF33200AE5FED /* CoreGraphics.framework */ = {isa = PBXFileReference; lastKnownFileType = wrapper.framework; name = CoreGraphics.framework; path = System/Library/Frameworks/CoreGraphics.framework; sourceTree = SDKROOT; };
		1AD55FF0171AF33200AE5FED /* MakeAMealOfIt-Info.plist */ = {isa = PBXFileReference; lastKnownFileType = text.plist.xml; path = "MakeAMealOfIt-Info.plist"; sourceTree = "<group>"; };
		1AD55FF2171AF33200AE5FED /* en */ = {isa = PBXFileReference; lastKnownFileType = text.plist.strings; name = en; path = en.lproj/InfoPlist.strings; sourceTree = "<group>"; };
		1AD55FF4171AF33200AE5FED /* main.m */ = {isa = PBXFileReference; lastKnownFileType = sourcecode.c.objc; path = main.m; sourceTree = "<group>"; };
		1AD55FF6171AF33200AE5FED /* MakeAMealOfIt-Prefix.pch */ = {isa = PBXFileReference; lastKnownFileType = sourcecode.c.h; path = "MakeAMealOfIt-Prefix.pch"; sourceTree = "<group>"; };
		1AD55FF7171AF33200AE5FED /* AppDelegate.h */ = {isa = PBXFileReference; lastKnownFileType = sourcecode.c.h; path = AppDelegate.h; sourceTree = "<group>"; };
		1AD55FF8171AF33200AE5FED /* AppDelegate.m */ = {isa = PBXFileReference; lastKnownFileType = sourcecode.c.objc; path = AppDelegate.m; sourceTree = "<group>"; };
		1AD55FFA171AF33200AE5FED /* Default.png */ = {isa = PBXFileReference; lastKnownFileType = image.png; path = Default.png; sourceTree = "<group>"; };
		1AD55FFC171AF33200AE5FED /* Default@2x.png */ = {isa = PBXFileReference; lastKnownFileType = image.png; path = "Default@2x.png"; sourceTree = "<group>"; };
		1AD55FFE171AF33200AE5FED /* Default-568h@2x.png */ = {isa = PBXFileReference; lastKnownFileType = image.png; path = "Default-568h@2x.png"; sourceTree = "<group>"; };
		1AE8DB7C176B2281008C5D36 /* YummlyThemeImages.xcassets */ = {isa = PBXFileReference; lastKnownFileType = folder.assetcatalog; name = YummlyThemeImages.xcassets; path = Yummly/YummlyThemeImages.xcassets; sourceTree = "<group>"; };
		1AEE005517424E2E00B6FC43 /* CupboardViewController.h */ = {isa = PBXFileReference; fileEncoding = 4; lastKnownFileType = sourcecode.c.h; name = CupboardViewController.h; path = Controller/CupboardViewController.h; sourceTree = "<group>"; };
		1AEE005617424E2E00B6FC43 /* CupboardViewController.m */ = {isa = PBXFileReference; fileEncoding = 4; lastKnownFileType = sourcecode.c.objc; name = CupboardViewController.m; path = Controller/CupboardViewController.m; sourceTree = "<group>"; };
		1AEE005B17425BC100B6FC43 /* YummlyAPI.h */ = {isa = PBXFileReference; fileEncoding = 4; lastKnownFileType = sourcecode.c.h; path = YummlyAPI.h; sourceTree = "<group>"; };
		1AEE005C17425BC100B6FC43 /* YummlyAPI.m */ = {isa = PBXFileReference; fileEncoding = 4; lastKnownFileType = sourcecode.c.objc; path = YummlyAPI.m; sourceTree = "<group>"; };
		1AEE005F17427E2F00B6FC43 /* YummlyRequest.h */ = {isa = PBXFileReference; fileEncoding = 4; lastKnownFileType = sourcecode.c.h; name = YummlyRequest.h; path = Model/YummlyRequest.h; sourceTree = "<group>"; };
		1AEE006017427E2F00B6FC43 /* YummlyRequest.m */ = {isa = PBXFileReference; fileEncoding = 4; lastKnownFileType = sourcecode.c.objc; name = YummlyRequest.m; path = Model/YummlyRequest.m; sourceTree = "<group>"; };
		1AEE00631743ADCF00B6FC43 /* YummlyRequest.json */ = {isa = PBXFileReference; fileEncoding = 4; lastKnownFileType = text.json; name = YummlyRequest.json; path = Model/YummlyRequest.json; sourceTree = "<group>"; };
		1AEE006D1745314F00B6FC43 /* RecipeSearchViewController.h */ = {isa = PBXFileReference; fileEncoding = 4; lastKnownFileType = sourcecode.c.h; name = RecipeSearchViewController.h; path = Controller/RecipeSearchViewController.h; sourceTree = "<group>"; };
		1AEE006E1745314F00B6FC43 /* RecipeSearchViewController.m */ = {isa = PBXFileReference; fileEncoding = 4; lastKnownFileType = sourcecode.c.objc; name = RecipeSearchViewController.m; path = Controller/RecipeSearchViewController.m; sourceTree = "<group>"; };
		1AEE007117453D8700B6FC43 /* DefaultTheme.h */ = {isa = PBXFileReference; fileEncoding = 4; lastKnownFileType = sourcecode.c.h; path = DefaultTheme.h; sourceTree = "<group>"; };
		1AEE007217453D8700B6FC43 /* DefaultTheme.m */ = {isa = PBXFileReference; fileEncoding = 4; lastKnownFileType = sourcecode.c.objc; path = DefaultTheme.m; sourceTree = "<group>"; };
		1AEE007317453D8700B6FC43 /* ThemeManager.h */ = {isa = PBXFileReference; fileEncoding = 4; lastKnownFileType = sourcecode.c.h; path = ThemeManager.h; sourceTree = "<group>"; };
		1AEE007417453D8700B6FC43 /* ThemeManager.m */ = {isa = PBXFileReference; fileEncoding = 4; lastKnownFileType = sourcecode.c.objc; path = ThemeManager.m; sourceTree = "<group>"; };
		1AEE007717453F3A00B6FC43 /* YummlyTheme.h */ = {isa = PBXFileReference; fileEncoding = 4; lastKnownFileType = sourcecode.c.h; path = YummlyTheme.h; sourceTree = "<group>"; };
		1AEE007817453F3A00B6FC43 /* YummlyTheme.m */ = {isa = PBXFileReference; fileEncoding = 4; lastKnownFileType = sourcecode.c.objc; path = YummlyTheme.m; sourceTree = "<group>"; };
		1AEE00DC1745424D00B6FC43 /* QuartzCore.framework */ = {isa = PBXFileReference; lastKnownFileType = wrapper.framework; name = QuartzCore.framework; path = System/Library/Frameworks/QuartzCore.framework; sourceTree = SDKROOT; };
		1AEE00DE17460EA500B6FC43 /* RecipeSearchView.h */ = {isa = PBXFileReference; fileEncoding = 4; lastKnownFileType = sourcecode.c.h; name = RecipeSearchView.h; path = View/RecipeSearchView.h; sourceTree = "<group>"; };
		1AEE00DF17460EA500B6FC43 /* RecipeSearchView.m */ = {isa = PBXFileReference; fileEncoding = 4; lastKnownFileType = sourcecode.c.objc; name = RecipeSearchView.m; path = View/RecipeSearchView.m; sourceTree = "<group>"; };
/* End PBXFileReference section */

/* Begin PBXFrameworksBuildPhase section */
		1AD55FE2171AF33200AE5FED /* Frameworks */ = {
			isa = PBXFrameworksBuildPhase;
			buildActionMask = 2147483647;
			files = (
				1AD55FED171AF33200AE5FED /* CoreGraphics.framework in Frameworks */,
				1AD55FEB171AF33200AE5FED /* Foundation.framework in Frameworks */,
				1AEE00DD1745424E00B6FC43 /* QuartzCore.framework in Frameworks */,
				1AD55FE9171AF33200AE5FED /* UIKit.framework in Frameworks */,
			);
			runOnlyForDeploymentPostprocessing = 0;
		};
/* End PBXFrameworksBuildPhase section */

/* Begin PBXGroup section */
		1A4652401773254F00049B4D /* Definitions */ = {
			isa = PBXGroup;
			children = (
				1A6D1186174B55F400E0B000 /* Defines.h */,
				1A465241177325B200049B4D /* YummlyKeys.h */,
			);
			name = Definitions;
			sourceTree = "<group>";
		};
		1A6D1182174B55E900E0B000 /* Core Graphics */ = {
			isa = PBXGroup;
			children = (
				1A6D1183174B55E900E0B000 /* UtilityMethodsCG.h */,
				1A6D1184174B55E900E0B000 /* UtilityMethodsCG.m */,
			);
			name = "Core Graphics";
			path = "Utilities/Core Graphics";
			sourceTree = "<group>";
		};
		1A6D118A174B738100E0B000 /* Yummly API */ = {
			isa = PBXGroup;
			children = (
				1AEE005B17425BC100B6FC43 /* YummlyAPI.h */,
				1AEE005C17425BC100B6FC43 /* YummlyAPI.m */,
			);
			name = "Yummly API";
			sourceTree = "<group>";
		};
		1A84A59A1765BDE800E1F818 /* Categories */ = {
			isa = PBXGroup;
			children = (
				1A7C1A4B17578CD80075AF2D /* UIImageView+Animation.h */,
				1A7C1A4C17578CD80075AF2D /* UIImageView+Animation.m */,
				1A0A853B1765B66C00D45971 /* UIView+AlphaControl.h */,
				1A0A853C1765B66C00D45971 /* UIView+AlphaControl.m */,
			);
			name = Categories;
			sourceTree = "<group>";
		};
		1A84A59B1765BE1200E1F818 /* Network Activity Indicator */ = {
			isa = PBXGroup;
			children = (
				1A84A59C1765BE1200E1F818 /* NetworkActivityIndicator.h */,
				1A84A59D1765BE1200E1F818 /* NetworkActivityIndicator.m */,
			);
			name = "Network Activity Indicator";
			path = "Utilities/Network Activity Indicator";
			sourceTree = "<group>";
		};
		1A8EC535174E6DCD00553857 /* Images */ = {
			isa = PBXGroup;
			children = (
				1A46523E1772E89100049B4D /* Icons.xcassets */,
			);
			path = Images;
			sourceTree = "<group>";
		};
		1A8EC53E174E72FE00553857 /* Other Controller */ = {
			isa = PBXGroup;
			children = (
				1A9C84AB174236C9006B8664 /* SlideOutNavigationController.h */,
				1A9C84AC174236C9006B8664 /* SlideOutNavigationController.m */,
			);
			name = "Other Controller";
			sourceTree = "<group>";
		};
		1A8EC53F174E733600553857 /* Right View Controller */ = {
			isa = PBXGroup;
			children = (
				1A8EC530174CC77600553857 /* ExtraOptionsViewController.h */,
				1A8EC531174CC77600553857 /* ExtraOptionsViewController.m */,
				1A6D1187174B6ACE00E0B000 /* ParameterPageViewController.h */,
				1A6D1188174B6ACE00E0B000 /* ParameterPageViewController.m */,
				1A6D1176174A2C3800E0B000 /* RecipeSearchParametersViewController.h */,
				1A6D1177174A2C3800E0B000 /* RecipeSearchParametersViewController.m */,
				1A84A5AE1765F8CE00E1F818 /* UIRightViewController.h */,
				1A84A5AF1765F8CE00E1F818 /* UIRightViewController.m */,
				1A84A5AB1765F7CA00E1F818 /* YummlyAttributionViewController.h */,
				1A84A5AC1765F7CA00E1F818 /* YummlyAttributionViewController.m */,
			);
			name = "Right View Controller";
			sourceTree = "<group>";
		};
		1A8EC540174E734A00553857 /* Centre View Controller */ = {
			isa = PBXGroup;
			children = (
				1A9C84A8174236C9006B8664 /* CentreViewControllerProtocol.h */,
				1A70C0B71754FAAE004FEEF6 /* RecipeDetailsViewController.h */,
				1A70C0B81754FAAE004FEEF6 /* RecipeDetailsViewController.m */,
				1AEE006D1745314F00B6FC43 /* RecipeSearchViewController.h */,
				1AEE006E1745314F00B6FC43 /* RecipeSearchViewController.m */,
				1A9C84A41742348A006B8664 /* RecipesViewController.h */,
				1A9C84A51742348A006B8664 /* RecipesViewController.m */,
				1A7C1A4E175792210075AF2D /* UICentreViewController.h */,
				1A7C1A4F175792210075AF2D /* UICentreViewController.m */,
			);
			name = "Centre View Controller";
			sourceTree = "<group>";
		};
		1A8EC541174E735D00553857 /* Left View Controller */ = {
			isa = PBXGroup;
			children = (
				1AEE005517424E2E00B6FC43 /* CupboardViewController.h */,
				1AEE005617424E2E00B6FC43 /* CupboardViewController.m */,
				1A70C0C01755DF45004FEEF6 /* LeftControllerDelegate.h */,
				1A84A5B11766299800E1F818 /* UILeftViewController.h */,
				1A84A5B21766299800E1F818 /* UILeftViewController.m */,
			);
			name = "Left View Controller";
			sourceTree = "<group>";
		};
		1A9C84A71742368B006B8664 /* View Controller */ = {
			isa = PBXGroup;
			children = (
				1A8EC540174E734A00553857 /* Centre View Controller */,
				1A8EC541174E735D00553857 /* Left View Controller */,
				1A9C84B217423DF4006B8664 /* MainViewController.h */,
				1A9C84B317423DFD006B8664 /* MainViewController.m */,
				1A8EC53F174E733600553857 /* Right View Controller */,
			);
			name = "View Controller";
			sourceTree = "<group>";
		};
		1AD55FDC171AF33200AE5FED = {
			isa = PBXGroup;
			children = (
				1AD55FEE171AF33200AE5FED /* MakeAMealOfIt */,
				1AD55FE7171AF33200AE5FED /* Frameworks */,
				1AD55FE6171AF33200AE5FED /* Products */,
			);
			sourceTree = "<group>";
		};
		1AD55FE6171AF33200AE5FED /* Products */ = {
			isa = PBXGroup;
			children = (
				1AD55FE5171AF33200AE5FED /* MakeAMealOfIt.app */,
			);
			name = Products;
			sourceTree = "<group>";
		};
		1AD55FE7171AF33200AE5FED /* Frameworks */ = {
			isa = PBXGroup;
			children = (
				1AD55FEC171AF33200AE5FED /* CoreGraphics.framework */,
				1AD55FEA171AF33200AE5FED /* Foundation.framework */,
				1AEE00DC1745424D00B6FC43 /* QuartzCore.framework */,
				1AD55FE8171AF33200AE5FED /* UIKit.framework */,
			);
			name = Frameworks;
			sourceTree = "<group>";
		};
		1AD55FEE171AF33200AE5FED /* MakeAMealOfIt */ = {
			isa = PBXGroup;
			children = (
				1AD56005171AF35900AE5FED /* App Delegate */,
				1A84A59A1765BDE800E1F818 /* Categories */,
				1AD56006171AF36200AE5FED /* Controllers */,
				1AEE006217427E3400B6FC43 /* Model */,
				1AEE00691744BE9F00B6FC43 /* Resources */,
				1AD55FEF171AF33200AE5FED /* Supporting Files */,
				1AEE005E17425BC700B6FC43 /* Utilities */,
				1AEE00681743F42400B6FC43 /* View */,
				1AEE00631743ADCF00B6FC43 /* YummlyRequest.json */,
			);
			path = MakeAMealOfIt;
			sourceTree = "<group>";
		};
		1AD55FEF171AF33200AE5FED /* Supporting Files */ = {
			isa = PBXGroup;
			children = (
				1AD55FFE171AF33200AE5FED /* Default-568h@2x.png */,
				1AD55FFA171AF33200AE5FED /* Default.png */,
				1AD55FFC171AF33200AE5FED /* Default@2x.png */,
				1AD55FF1171AF33200AE5FED /* InfoPlist.strings */,
				1AD55FF4171AF33200AE5FED /* main.m */,
				1AD55FF0171AF33200AE5FED /* MakeAMealOfIt-Info.plist */,
				1AD55FF6171AF33200AE5FED /* MakeAMealOfIt-Prefix.pch */,
			);
			name = "Supporting Files";
			sourceTree = "<group>";
		};
		1AD56005171AF35900AE5FED /* App Delegate */ = {
			isa = PBXGroup;
			children = (
				1AD55FF7171AF33200AE5FED /* AppDelegate.h */,
				1AD55FF8171AF33200AE5FED /* AppDelegate.m */,
			);
			name = "App Delegate";
			sourceTree = "<group>";
		};
		1AD56006171AF36200AE5FED /* Controllers */ = {
			isa = PBXGroup;
			children = (
				1A8EC53E174E72FE00553857 /* Other Controller */,
				1A9C84A71742368B006B8664 /* View Controller */,
			);
			name = Controllers;
			sourceTree = "<group>";
		};
		1AEE005E17425BC700B6FC43 /* Utilities */ = {
			isa = PBXGroup;
			children = (
				1A6D1182174B55E900E0B000 /* Core Graphics */,
				1A4652401773254F00049B4D /* Definitions */,
				1A84A59B1765BE1200E1F818 /* Network Activity Indicator */,
				1AEE007017453D8700B6FC43 /* Theme Manager */,
				1A6D118A174B738100E0B000 /* Yummly API */,
			);
			name = Utilities;
			sourceTree = "<group>";
		};
		1AEE006217427E3400B6FC43 /* Model */ = {
			isa = PBXGroup;
			children = (
				1A7C1A511757ADA50075AF2D /* Recipe.h */,
				1A7C1A521757ADA50075AF2D /* Recipe.m */,
				1A70C0B117535F55004FEEF6 /* YummlyMetadata.h */,
				1A70C0B217535F55004FEEF6 /* YummlyMetadata.m */,
				1AEE005F17427E2F00B6FC43 /* YummlyRequest.h */,
				1AEE006017427E2F00B6FC43 /* YummlyRequest.m */,
			);
			name = Model;
			sourceTree = "<group>";
		};
		1AEE00681743F42400B6FC43 /* View */ = {
			isa = PBXGroup;
			children = (
				1A84A5B4176630D900E1F818 /* IngredientHeaderView.h */,
				1A84A5B5176630D900E1F818 /* IngredientHeaderView.m */,
				1A46523B1770A08A00049B4D /* ResultManagementCell.h */,
				1A46523C1770A08A00049B4D /* ResultManagementCell.m */,
				1A8EC542174F4CCA00553857 /* RecipeCollectionViewCell.h */,
				1A8EC543174F4CCA00553857 /* RecipeCollectionViewCell.m */,
				1A70C0BA175500FF004FEEF6 /* RecipeDetailsView.h */,
				1A70C0BB175500FF004FEEF6 /* RecipeDetailsView.m */,
				1AEE00DE17460EA500B6FC43 /* RecipeSearchView.h */,
				1AEE00DF17460EA500B6FC43 /* RecipeSearchView.m */,
				1A6D1179174B4A4200E0B000 /* RotaryWheel.h */,
				1A6D117A174B4A4200E0B000 /* RotaryWheel.m */,
				1A6D117B174B4A4200E0B000 /* Sector.h */,
				1A6D117C174B4A4200E0B000 /* Sector.m */,
				1A6D117F174B552B00E0B000 /* SegmentView.h */,
				1A6D1180174B552B00E0B000 /* SegmentView.m */,
				1A9FCF8B1758CE7E00D74485 /* StarRatingView.h */,
				1A9FCF8C1758CE7E00D74485 /* StarRatingView.m */,
				1A8EC545174F756A00553857 /* TextBackingView.h */,
				1A8EC546174F756A00553857 /* TextBackingView.m */,
				1A84A59F1765C2E300E1F818 /* YummlyToolbar.h */,
				1A84A5A01765C2E300E1F818 /* YummlyToolbar.m */,
			);
			name = View;
			sourceTree = "<group>";
		};
		1AEE00691744BE9F00B6FC43 /* Resources */ = {
			isa = PBXGroup;
			children = (
				1A8EC535174E6DCD00553857 /* Images */,
				1AEE007A1745423100B6FC43 /* Themes */,
			);
			path = Resources;
			sourceTree = "<group>";
		};
		1AEE007017453D8700B6FC43 /* Theme Manager */ = {
			isa = PBXGroup;
			children = (
				1AEE007117453D8700B6FC43 /* DefaultTheme.h */,
				1AEE007217453D8700B6FC43 /* DefaultTheme.m */,
				1AEE007317453D8700B6FC43 /* ThemeManager.h */,
				1AEE007417453D8700B6FC43 /* ThemeManager.m */,
				1A6D1171174A1C5300E0B000 /* ToolbarLabelYummlyTheme.h */,
				1A6D1172174A1C5300E0B000 /* ToolbarLabelYummlyTheme.m */,
				1AEE007717453F3A00B6FC43 /* YummlyTheme.h */,
				1AEE007817453F3A00B6FC43 /* YummlyTheme.m */,
			);
			name = "Theme Manager";
			path = "Utilities/Theme Manager";
			sourceTree = "<group>";
		};
		1AEE007A1745423100B6FC43 /* Themes */ = {
			isa = PBXGroup;
			children = (
				1AE8DB7C176B2281008C5D36 /* YummlyThemeImages.xcassets */,
			);
			path = Themes;
			sourceTree = "<group>";
		};
/* End PBXGroup section */

/* Begin PBXNativeTarget section */
		1AD55FE4171AF33200AE5FED /* MakeAMealOfIt */ = {
			isa = PBXNativeTarget;
			buildConfigurationList = 1AD56002171AF33200AE5FED /* Build configuration list for PBXNativeTarget "MakeAMealOfIt" */;
			buildPhases = (
				1AD55FE1171AF33200AE5FED /* Sources */,
				1AD55FE2171AF33200AE5FED /* Frameworks */,
				1AD55FE3171AF33200AE5FED /* Resources */,
			);
			buildRules = (
			);
			dependencies = (
			);
			name = MakeAMealOfIt;
			productName = MakeAMealOfIt;
			productReference = 1AD55FE5171AF33200AE5FED /* MakeAMealOfIt.app */;
			productType = "com.apple.product-type.application";
		};
/* End PBXNativeTarget section */

/* Begin PBXProject section */
		1AD55FDD171AF33200AE5FED /* Project object */ = {
			isa = PBXProject;
			attributes = {
				LastUpgradeCheck = 0460;
				ORGANIZATIONNAME = "&Beyond";
			};
			buildConfigurationList = 1AD55FE0171AF33200AE5FED /* Build configuration list for PBXProject "MakeAMealOfIt" */;
			compatibilityVersion = "Xcode 3.2";
			developmentRegion = English;
			hasScannedForEncodings = 0;
			knownRegions = (
				en,
			);
			mainGroup = 1AD55FDC171AF33200AE5FED;
			productRefGroup = 1AD55FE6171AF33200AE5FED /* Products */;
			projectDirPath = "";
			projectRoot = "";
			targets = (
				1AD55FE4171AF33200AE5FED /* MakeAMealOfIt */,
			);
		};
/* End PBXProject section */

/* Begin PBXResourcesBuildPhase section */
		1AD55FE3171AF33200AE5FED /* Resources */ = {
			isa = PBXResourcesBuildPhase;
			buildActionMask = 2147483647;
			files = (
				1AD55FF3171AF33200AE5FED /* InfoPlist.strings in Resources */,
				1AD55FFB171AF33200AE5FED /* Default.png in Resources */,
				1A46523F1772E89100049B4D /* Icons.xcassets in Resources */,
				1AD55FFD171AF33200AE5FED /* Default@2x.png in Resources */,
				1AD55FFF171AF33200AE5FED /* Default-568h@2x.png in Resources */,
				1AE8DB7D176B2281008C5D36 /* YummlyThemeImages.xcassets in Resources */,
			);
			runOnlyForDeploymentPostprocessing = 0;
		};
/* End PBXResourcesBuildPhase section */

/* Begin PBXSourcesBuildPhase section */
		1AD55FE1171AF33200AE5FED /* Sources */ = {
			isa = PBXSourcesBuildPhase;
			buildActionMask = 2147483647;
			files = (
				1AD55FF9171AF33200AE5FED /* AppDelegate.m in Sources */,
				1AEE005717424E2E00B6FC43 /* CupboardViewController.m in Sources */,
				1AEE007517453D8700B6FC43 /* DefaultTheme.m in Sources */,
				1A8EC532174CC77600553857 /* ExtraOptionsViewController.m in Sources */,
				1A84A5B6176630D900E1F818 /* IngredientHeaderView.m in Sources */,
				1AD55FF5171AF33200AE5FED /* main.m in Sources */,
				1A9C84B417423DFD006B8664 /* MainViewController.m in Sources */,
				1A84A59E1765BE1200E1F818 /* NetworkActivityIndicator.m in Sources */,
				1A6D1189174B6ACE00E0B000 /* ParameterPageViewController.m in Sources */,
				1A7C1A531757ADA50075AF2D /* Recipe.m in Sources */,
				1A8EC544174F4CCA00553857 /* RecipeCollectionViewCell.m in Sources */,
				1A70C0BC175500FF004FEEF6 /* RecipeDetailsView.m in Sources */,
				1A70C0B91754FAAE004FEEF6 /* RecipeDetailsViewController.m in Sources */,
				1A6D1178174A2C3900E0B000 /* RecipeSearchParametersViewController.m in Sources */,
				1AEE00E017460EA500B6FC43 /* RecipeSearchView.m in Sources */,
				1AEE006F1745314F00B6FC43 /* RecipeSearchViewController.m in Sources */,
				1A9C84A61742348A006B8664 /* RecipesViewController.m in Sources */,
				1A46523D1770A08A00049B4D /* ResultManagementCell.m in Sources */,
				1A6D117D174B4A4200E0B000 /* RotaryWheel.m in Sources */,
				1A6D117E174B4A4200E0B000 /* Sector.m in Sources */,
				1A6D1181174B552B00E0B000 /* SegmentView.m in Sources */,
				1A9C84AE174236C9006B8664 /* SlideOutNavigationController.m in Sources */,
				1A9FCF8D1758CE7E00D74485 /* StarRatingView.m in Sources */,
				1A8EC547174F756A00553857 /* TextBackingView.m in Sources */,
				1AEE007617453D8700B6FC43 /* ThemeManager.m in Sources */,
				1A6D1173174A1C5400E0B000 /* ToolbarLabelYummlyTheme.m in Sources */,
				1A7C1A50175792210075AF2D /* UICentreViewController.m in Sources */,
				1A7C1A4D17578CD80075AF2D /* UIImageView+Animation.m in Sources */,
				1A84A5B31766299800E1F818 /* UILeftViewController.m in Sources */,
				1A84A5B01765F8CE00E1F818 /* UIRightViewController.m in Sources */,
				1A0A853D1765B66C00D45971 /* UIView+AlphaControl.m in Sources */,
				1A6D1185174B55E900E0B000 /* UtilityMethodsCG.m in Sources */,
				1AEE005D17425BC100B6FC43 /* YummlyAPI.m in Sources */,
				1AA236B6177372AB00827C84 /* YummlyAttributionViewController.m in Sources */,
				1A70C0B317535F55004FEEF6 /* YummlyMetadata.m in Sources */,
				1AEE006117427E2F00B6FC43 /* YummlyRequest.m in Sources */,
				1AEE007917453F3A00B6FC43 /* YummlyTheme.m in Sources */,
				1A84A5A11765C2E300E1F818 /* YummlyToolbar.m in Sources */,
			);
			runOnlyForDeploymentPostprocessing = 0;
		};
/* End PBXSourcesBuildPhase section */

/* Begin PBXVariantGroup section */
		1AD55FF1171AF33200AE5FED /* InfoPlist.strings */ = {
			isa = PBXVariantGroup;
			children = (
				1AD55FF2171AF33200AE5FED /* en */,
			);
			name = InfoPlist.strings;
			sourceTree = "<group>";
		};
/* End PBXVariantGroup section */

/* Begin XCBuildConfiguration section */
		1AD56000171AF33200AE5FED /* Debug */ = {
			isa = XCBuildConfiguration;
			buildSettings = {
				ALWAYS_SEARCH_USER_PATHS = NO;
				CLANG_CXX_LANGUAGE_STANDARD = "gnu++0x";
				CLANG_CXX_LIBRARY = "libc++";
				CLANG_ENABLE_OBJC_ARC = YES;
				CLANG_WARN_CONSTANT_CONVERSION = YES;
				CLANG_WARN_EMPTY_BODY = YES;
				CLANG_WARN_ENUM_CONVERSION = YES;
				CLANG_WARN_INT_CONVERSION = YES;
				CLANG_WARN__DUPLICATE_METHOD_MATCH = YES;
				"CODE_SIGN_IDENTITY[sdk=iphoneos*]" = "iPhone Developer";
				COPY_PHASE_STRIP = NO;
				GCC_C_LANGUAGE_STANDARD = gnu99;
				GCC_DYNAMIC_NO_PIC = NO;
				GCC_OPTIMIZATION_LEVEL = 0;
				GCC_PREPROCESSOR_DEFINITIONS = (
					"DEBUG=1",
					"$(inherited)",
				);
				GCC_SYMBOLS_PRIVATE_EXTERN = NO;
				GCC_WARN_ABOUT_RETURN_TYPE = YES;
				GCC_WARN_UNINITIALIZED_AUTOS = YES;
				GCC_WARN_UNUSED_VARIABLE = YES;
				IPHONEOS_DEPLOYMENT_TARGET = 6.1;
				ONLY_ACTIVE_ARCH = YES;
				SDKROOT = iphoneos;
				TARGETED_DEVICE_FAMILY = "1,2";
			};
			name = Debug;
		};
		1AD56001171AF33200AE5FED /* Release */ = {
			isa = XCBuildConfiguration;
			buildSettings = {
				ALWAYS_SEARCH_USER_PATHS = NO;
				CLANG_CXX_LANGUAGE_STANDARD = "gnu++0x";
				CLANG_CXX_LIBRARY = "libc++";
				CLANG_ENABLE_OBJC_ARC = YES;
				CLANG_WARN_CONSTANT_CONVERSION = YES;
				CLANG_WARN_EMPTY_BODY = YES;
				CLANG_WARN_ENUM_CONVERSION = YES;
				CLANG_WARN_INT_CONVERSION = YES;
				CLANG_WARN__DUPLICATE_METHOD_MATCH = YES;
				"CODE_SIGN_IDENTITY[sdk=iphoneos*]" = "iPhone Developer";
				COPY_PHASE_STRIP = YES;
				GCC_C_LANGUAGE_STANDARD = gnu99;
				GCC_WARN_ABOUT_RETURN_TYPE = YES;
				GCC_WARN_UNINITIALIZED_AUTOS = YES;
				GCC_WARN_UNUSED_VARIABLE = YES;
				IPHONEOS_DEPLOYMENT_TARGET = 6.1;
				OTHER_CFLAGS = "-DNS_BLOCK_ASSERTIONS=1";
				SDKROOT = iphoneos;
				TARGETED_DEVICE_FAMILY = "1,2";
				VALIDATE_PRODUCT = YES;
			};
			name = Release;
		};
		1AD56003171AF33200AE5FED /* Debug */ = {
			isa = XCBuildConfiguration;
			buildSettings = {
				ASSETCATALOG_COMPILER_APPICON_NAME = AppIcon;
				ASSETCATALOG_COMPILER_LAUNCHIMAGE_NAME = LaunchImage;
				CLANG_ENABLE_MODULES = YES;
				GCC_PRECOMPILE_PREFIX_HEADER = YES;
				GCC_PREFIX_HEADER = "MakeAMealOfIt/MakeAMealOfIt-Prefix.pch";
				INFOPLIST_FILE = "MakeAMealOfIt/MakeAMealOfIt-Info.plist";
				IPHONEOS_DEPLOYMENT_TARGET = 7.0;
				PRODUCT_NAME = "$(TARGET_NAME)";
				TARGETED_DEVICE_FAMILY = 1;
				WRAPPER_EXTENSION = app;
			};
			name = Debug;
		};
		1AD56004171AF33200AE5FED /* Release */ = {
			isa = XCBuildConfiguration;
			buildSettings = {
				ASSETCATALOG_COMPILER_APPICON_NAME = AppIcon;
				ASSETCATALOG_COMPILER_LAUNCHIMAGE_NAME = LaunchImage;
				CLANG_ENABLE_MODULES = YES;
				GCC_PRECOMPILE_PREFIX_HEADER = YES;
				GCC_PREFIX_HEADER = "MakeAMealOfIt/MakeAMealOfIt-Prefix.pch";
				INFOPLIST_FILE = "MakeAMealOfIt/MakeAMealOfIt-Info.plist";
				IPHONEOS_DEPLOYMENT_TARGET = 7.0;
				PRODUCT_NAME = "$(TARGET_NAME)";
				TARGETED_DEVICE_FAMILY = 1;
				WRAPPER_EXTENSION = app;
			};
			name = Release;
		};
/* End XCBuildConfiguration section */

/* Begin XCConfigurationList section */
		1AD55FE0171AF33200AE5FED /* Build configuration list for PBXProject "MakeAMealOfIt" */ = {
			isa = XCConfigurationList;
			buildConfigurations = (
				1AD56000171AF33200AE5FED /* Debug */,
				1AD56001171AF33200AE5FED /* Release */,
			);
			defaultConfigurationIsVisible = 0;
			defaultConfigurationName = Release;
		};
		1AD56002171AF33200AE5FED /* Build configuration list for PBXNativeTarget "MakeAMealOfIt" */ = {
			isa = XCConfigurationList;
			buildConfigurations = (
				1AD56003171AF33200AE5FED /* Debug */,
				1AD56004171AF33200AE5FED /* Release */,
			);
			defaultConfigurationIsVisible = 0;
			defaultConfigurationName = Release;
		};
/* End XCConfigurationList section */
	};
	rootObject = 1AD55FDD171AF33200AE5FED /* Project object */;
}
